
Microsoft Visual Studio Solution File, Format Version 12.00
# Visual Studio Version 16
VisualStudioVersion = 16.0.32228.343
MinimumVisualStudioVersion = 10.0.40219.1
Project("{FAE04EC0-301F-11D3-BF4B-00C04F79EFBC}") = "DragandDrop", "DragandDrop\DragandDrop.csproj", "{257CB145-3235-4B97-9723-E961E66B18D3}"
EndProject
Global
	GlobalSection(SolutionConfigurationPlatforms) = preSolution
		Debug|Any CPU = Debug|Any CPU
		Release|Any CPU = Release|Any CPU
	EndGlobalSection
	GlobalSection(ProjectConfigurationPlatforms) = postSolution
		{257CB145-3235-4B97-9723-E961E66B18D3}.Debug|Any CPU.ActiveCfg = Debug|Any CPU
		{257CB145-3235-4B97-9723-E961E66B18D3}.Debug|Any CPU.Build.0 = Debug|Any CPU
		{257CB145-3235-4B97-9723-E961E66B18D3}.Release|Any CPU.ActiveCfg = Release|Any CPU
		{257CB145-3235-4B97-9723-E961E66B18D3}.Release|Any CPU.Build.0 = Release|Any CPU
	EndGlobalSection
	GlobalSection(SolutionProperties) = preSolution
		HideSolutionNode = FALSE
	EndGlobalSection
	GlobalSection(ExtensibilityGlobals) = postSolution
		SolutionGuid = {B487533D-7E3C-4C17-9220-BAC985E5EC88}
	EndGlobalSection
EndGlobal
